// !$*UTF8*$!
{
	archiveVersion = 1;
	classes = {
	};
	objectVersion = 50;
	objects = {

/* Begin PBXBuildFile section */
		19ADE93123E8AF17007C5FA6 /* AppDelegate.swift in Sources */ = {isa = PBXBuildFile; fileRef = 19ADE93023E8AF17007C5FA6 /* AppDelegate.swift */; };
		19ADE93323E8AF17007C5FA6 /* SceneDelegate.swift in Sources */ = {isa = PBXBuildFile; fileRef = 19ADE93223E8AF17007C5FA6 /* SceneDelegate.swift */; };
		19ADE93523E8AF17007C5FA6 /* ViewController.swift in Sources */ = {isa = PBXBuildFile; fileRef = 19ADE93423E8AF17007C5FA6 /* ViewController.swift */; };
		19ADE93823E8AF17007C5FA6 /* Main.storyboard in Resources */ = {isa = PBXBuildFile; fileRef = 19ADE93623E8AF17007C5FA6 /* Main.storyboard */; };
		19ADE93A23E8AF18007C5FA6 /* Assets.xcassets in Resources */ = {isa = PBXBuildFile; fileRef = 19ADE93923E8AF18007C5FA6 /* Assets.xcassets */; };
		19ADE93D23E8AF18007C5FA6 /* LaunchScreen.storyboard in Resources */ = {isa = PBXBuildFile; fileRef = 19ADE93B23E8AF18007C5FA6 /* LaunchScreen.storyboard */; };
		19ADE94823E8AF18007C5FA6 /* firebaseBeginnerTests.swift in Sources */ = {isa = PBXBuildFile; fileRef = 19ADE94723E8AF18007C5FA6 /* firebaseBeginnerTests.swift */; };
		19ADE95323E8AF18007C5FA6 /* firebaseBeginnerUITests.swift in Sources */ = {isa = PBXBuildFile; fileRef = 19ADE95223E8AF18007C5FA6 /* firebaseBeginnerUITests.swift */; };
		19ADE96123E8B016007C5FA6 /* GoogleService-Info.plist in Resources */ = {isa = PBXBuildFile; fileRef = 19ADE96023E8B016007C5FA6 /* GoogleService-Info.plist */; };
		19ADE96223E8B016007C5FA6 /* GoogleService-Info.plist in Resources */ = {isa = PBXBuildFile; fileRef = 19ADE96023E8B016007C5FA6 /* GoogleService-Info.plist */; };
		19ADE96323E8B016007C5FA6 /* GoogleService-Info.plist in Resources */ = {isa = PBXBuildFile; fileRef = 19ADE96023E8B016007C5FA6 /* GoogleService-Info.plist */; };
		3923A3D4B9874609AD6FBD8A /* Pods_firebaseBeginner_firebaseBeginnerUITests.framework in Frameworks */ = {isa = PBXBuildFile; fileRef = 8CB4C700EE52715526AE144A /* Pods_firebaseBeginner_firebaseBeginnerUITests.framework */; };
		6620449ECCF7696DE4899B47 /* Pods_firebaseBeginner.framework in Frameworks */ = {isa = PBXBuildFile; fileRef = FD5A2EC3BC30A9FD333EA0C4 /* Pods_firebaseBeginner.framework */; };
		8310FBFC18F0822B7F86D98A /* Pods_firebaseBeginnerTests.framework in Frameworks */ = {isa = PBXBuildFile; fileRef = 91EA8064439708E163B615AD /* Pods_firebaseBeginnerTests.framework */; };
/* End PBXBuildFile section */

/* Begin PBXContainerItemProxy section */
		19ADE94423E8AF18007C5FA6 /* PBXContainerItemProxy */ = {
			isa = PBXContainerItemProxy;
			containerPortal = 19ADE92523E8AF17007C5FA6 /* Project object */;
			proxyType = 1;
			remoteGlobalIDString = 19ADE92C23E8AF17007C5FA6;
			remoteInfo = firebaseBeginner;
		};
		19ADE94F23E8AF18007C5FA6 /* PBXContainerItemProxy */ = {
			isa = PBXContainerItemProxy;
			containerPortal = 19ADE92523E8AF17007C5FA6 /* Project object */;
			proxyType = 1;
			remoteGlobalIDString = 19ADE92C23E8AF17007C5FA6;
			remoteInfo = firebaseBeginner;
		};
/* End PBXContainerItemProxy section */

/* Begin PBXFileReference section */
		0D04CB6B1546FC5964D35257 /* Pods-firebaseBeginnerTests.release.xcconfig */ = {isa = PBXFileReference; includeInIndex = 1; lastKnownFileType = text.xcconfig; name = "Pods-firebaseBeginnerTests.release.xcconfig"; path = "Target Support Files/Pods-firebaseBeginnerTests/Pods-firebaseBeginnerTests.release.xcconfig"; sourceTree = "<group>"; };
		19ADE92D23E8AF17007C5FA6 /* firebaseBeginner.app */ = {isa = PBXFileReference; explicitFileType = wrapper.application; includeInIndex = 0; path = firebaseBeginner.app; sourceTree = BUILT_PRODUCTS_DIR; };
		19ADE93023E8AF17007C5FA6 /* AppDelegate.swift */ = {isa = PBXFileReference; lastKnownFileType = sourcecode.swift; path = AppDelegate.swift; sourceTree = "<group>"; };
		19ADE93223E8AF17007C5FA6 /* SceneDelegate.swift */ = {isa = PBXFileReference; lastKnownFileType = sourcecode.swift; path = SceneDelegate.swift; sourceTree = "<group>"; };
		19ADE93423E8AF17007C5FA6 /* ViewController.swift */ = {isa = PBXFileReference; lastKnownFileType = sourcecode.swift; path = ViewController.swift; sourceTree = "<group>"; };
		19ADE93723E8AF17007C5FA6 /* Base */ = {isa = PBXFileReference; lastKnownFileType = file.storyboard; name = Base; path = Base.lproj/Main.storyboard; sourceTree = "<group>"; };
		19ADE93923E8AF18007C5FA6 /* Assets.xcassets */ = {isa = PBXFileReference; lastKnownFileType = folder.assetcatalog; path = Assets.xcassets; sourceTree = "<group>"; };
		19ADE93C23E8AF18007C5FA6 /* Base */ = {isa = PBXFileReference; lastKnownFileType = file.storyboard; name = Base; path = Base.lproj/LaunchScreen.storyboard; sourceTree = "<group>"; };
		19ADE93E23E8AF18007C5FA6 /* Info.plist */ = {isa = PBXFileReference; lastKnownFileType = text.plist.xml; path = Info.plist; sourceTree = "<group>"; };
		19ADE94323E8AF18007C5FA6 /* firebaseBeginnerTests.xctest */ = {isa = PBXFileReference; explicitFileType = wrapper.cfbundle; includeInIndex = 0; path = firebaseBeginnerTests.xctest; sourceTree = BUILT_PRODUCTS_DIR; };
		19ADE94723E8AF18007C5FA6 /* firebaseBeginnerTests.swift */ = {isa = PBXFileReference; lastKnownFileType = sourcecode.swift; path = firebaseBeginnerTests.swift; sourceTree = "<group>"; };
		19ADE94923E8AF18007C5FA6 /* Info.plist */ = {isa = PBXFileReference; lastKnownFileType = text.plist.xml; path = Info.plist; sourceTree = "<group>"; };
		19ADE94E23E8AF18007C5FA6 /* firebaseBeginnerUITests.xctest */ = {isa = PBXFileReference; explicitFileType = wrapper.cfbundle; includeInIndex = 0; path = firebaseBeginnerUITests.xctest; sourceTree = BUILT_PRODUCTS_DIR; };
		19ADE95223E8AF18007C5FA6 /* firebaseBeginnerUITests.swift */ = {isa = PBXFileReference; lastKnownFileType = sourcecode.swift; path = firebaseBeginnerUITests.swift; sourceTree = "<group>"; };
		19ADE95423E8AF18007C5FA6 /* Info.plist */ = {isa = PBXFileReference; lastKnownFileType = text.plist.xml; path = Info.plist; sourceTree = "<group>"; };
		19ADE96023E8B016007C5FA6 /* GoogleService-Info.plist */ = {isa = PBXFileReference; fileEncoding = 4; lastKnownFileType = text.plist.xml; path = "GoogleService-Info.plist"; sourceTree = "<group>"; };
		23F26BB3A3F2238CF1698E92 /* Pods-firebaseBeginner-firebaseBeginnerUITests.release.xcconfig */ = {isa = PBXFileReference; includeInIndex = 1; lastKnownFileType = text.xcconfig; name = "Pods-firebaseBeginner-firebaseBeginnerUITests.release.xcconfig"; path = "Target Support Files/Pods-firebaseBeginner-firebaseBeginnerUITests/Pods-firebaseBeginner-firebaseBeginnerUITests.release.xcconfig"; sourceTree = "<group>"; };
		5EA599379781D1149D2A2F82 /* Pods-firebaseBeginner.release.xcconfig */ = {isa = PBXFileReference; includeInIndex = 1; lastKnownFileType = text.xcconfig; name = "Pods-firebaseBeginner.release.xcconfig"; path = "Target Support Files/Pods-firebaseBeginner/Pods-firebaseBeginner.release.xcconfig"; sourceTree = "<group>"; };
		73B890828D4E4D5858F34196 /* Pods-firebaseBeginnerTests.debug.xcconfig */ = {isa = PBXFileReference; includeInIndex = 1; lastKnownFileType = text.xcconfig; name = "Pods-firebaseBeginnerTests.debug.xcconfig"; path = "Target Support Files/Pods-firebaseBeginnerTests/Pods-firebaseBeginnerTests.debug.xcconfig"; sourceTree = "<group>"; };
		8CB4C700EE52715526AE144A /* Pods_firebaseBeginner_firebaseBeginnerUITests.framework */ = {isa = PBXFileReference; explicitFileType = wrapper.framework; includeInIndex = 0; path = Pods_firebaseBeginner_firebaseBeginnerUITests.framework; sourceTree = BUILT_PRODUCTS_DIR; };
		91EA8064439708E163B615AD /* Pods_firebaseBeginnerTests.framework */ = {isa = PBXFileReference; explicitFileType = wrapper.framework; includeInIndex = 0; path = Pods_firebaseBeginnerTests.framework; sourceTree = BUILT_PRODUCTS_DIR; };
		E174461C5EB556E6C7C898FB /* Pods-firebaseBeginner-firebaseBeginnerUITests.debug.xcconfig */ = {isa = PBXFileReference; includeInIndex = 1; lastKnownFileType = text.xcconfig; name = "Pods-firebaseBeginner-firebaseBeginnerUITests.debug.xcconfig"; path = "Target Support Files/Pods-firebaseBeginner-firebaseBeginnerUITests/Pods-firebaseBeginner-firebaseBeginnerUITests.debug.xcconfig"; sourceTree = "<group>"; };
		EF804E8F955D3BD857DAD794 /* Pods-firebaseBeginner.debug.xcconfig */ = {isa = PBXFileReference; includeInIndex = 1; lastKnownFileType = text.xcconfig; name = "Pods-firebaseBeginner.debug.xcconfig"; path = "Target Support Files/Pods-firebaseBeginner/Pods-firebaseBeginner.debug.xcconfig"; sourceTree = "<group>"; };
		FD5A2EC3BC30A9FD333EA0C4 /* Pods_firebaseBeginner.framework */ = {isa = PBXFileReference; explicitFileType = wrapper.framework; includeInIndex = 0; path = Pods_firebaseBeginner.framework; sourceTree = BUILT_PRODUCTS_DIR; };
/* End PBXFileReference section */

/* Begin PBXFrameworksBuildPhase section */
		19ADE92A23E8AF17007C5FA6 /* Frameworks */ = {
			isa = PBXFrameworksBuildPhase;
			buildActionMask = 2147483647;
			files = (
				6620449ECCF7696DE4899B47 /* Pods_firebaseBeginner.framework in Frameworks */,
			);
			runOnlyForDeploymentPostprocessing = 0;
		};
		19ADE94023E8AF18007C5FA6 /* Frameworks */ = {
			isa = PBXFrameworksBuildPhase;
			buildActionMask = 2147483647;
			files = (
				8310FBFC18F0822B7F86D98A /* Pods_firebaseBeginnerTests.framework in Frameworks */,
			);
			runOnlyForDeploymentPostprocessing = 0;
		};
		19ADE94B23E8AF18007C5FA6 /* Frameworks */ = {
			isa = PBXFrameworksBuildPhase;
			buildActionMask = 2147483647;
			files = (
				3923A3D4B9874609AD6FBD8A /* Pods_firebaseBeginner_firebaseBeginnerUITests.framework in Frameworks */,
			);
			runOnlyForDeploymentPostprocessing = 0;
		};
/* End PBXFrameworksBuildPhase section */

/* Begin PBXGroup section */
		08BB7891366A22CE59FFB6CC /* Frameworks */ = {
			isa = PBXGroup;
			children = (
				FD5A2EC3BC30A9FD333EA0C4 /* Pods_firebaseBeginner.framework */,
				8CB4C700EE52715526AE144A /* Pods_firebaseBeginner_firebaseBeginnerUITests.framework */,
				91EA8064439708E163B615AD /* Pods_firebaseBeginnerTests.framework */,
			);
			name = Frameworks;
			sourceTree = "<group>";
		};
		1477151DE40051146FACC7C4 /* Pods */ = {
			isa = PBXGroup;
			children = (
				EF804E8F955D3BD857DAD794 /* Pods-firebaseBeginner.debug.xcconfig */,
				5EA599379781D1149D2A2F82 /* Pods-firebaseBeginner.release.xcconfig */,
				E174461C5EB556E6C7C898FB /* Pods-firebaseBeginner-firebaseBeginnerUITests.debug.xcconfig */,
				23F26BB3A3F2238CF1698E92 /* Pods-firebaseBeginner-firebaseBeginnerUITests.release.xcconfig */,
				73B890828D4E4D5858F34196 /* Pods-firebaseBeginnerTests.debug.xcconfig */,
				0D04CB6B1546FC5964D35257 /* Pods-firebaseBeginnerTests.release.xcconfig */,
			);
			name = Pods;
			path = Pods;
			sourceTree = "<group>";
		};
		19ADE92423E8AF17007C5FA6 = {
			isa = PBXGroup;
			children = (
				19ADE92F23E8AF17007C5FA6 /* firebaseBeginner */,
				19ADE94623E8AF18007C5FA6 /* firebaseBeginnerTests */,
				19ADE95123E8AF18007C5FA6 /* firebaseBeginnerUITests */,
				19ADE92E23E8AF17007C5FA6 /* Products */,
				1477151DE40051146FACC7C4 /* Pods */,
				08BB7891366A22CE59FFB6CC /* Frameworks */,
			);
			sourceTree = "<group>";
		};
		19ADE92E23E8AF17007C5FA6 /* Products */ = {
			isa = PBXGroup;
			children = (
				19ADE92D23E8AF17007C5FA6 /* firebaseBeginner.app */,
				19ADE94323E8AF18007C5FA6 /* firebaseBeginnerTests.xctest */,
				19ADE94E23E8AF18007C5FA6 /* firebaseBeginnerUITests.xctest */,
			);
			name = Products;
			sourceTree = "<group>";
		};
		19ADE92F23E8AF17007C5FA6 /* firebaseBeginner */ = {
			isa = PBXGroup;
			children = (
				19ADE93023E8AF17007C5FA6 /* AppDelegate.swift */,
				19ADE93223E8AF17007C5FA6 /* SceneDelegate.swift */,
				19ADE93423E8AF17007C5FA6 /* ViewController.swift */,
				19ADE93623E8AF17007C5FA6 /* Main.storyboard */,
				19ADE93923E8AF18007C5FA6 /* Assets.xcassets */,
				19ADE93B23E8AF18007C5FA6 /* LaunchScreen.storyboard */,
				19ADE93E23E8AF18007C5FA6 /* Info.plist */,
				19ADE96023E8B016007C5FA6 /* GoogleService-Info.plist */,
			);
			path = firebaseBeginner;
			sourceTree = "<group>";
		};
		19ADE94623E8AF18007C5FA6 /* firebaseBeginnerTests */ = {
			isa = PBXGroup;
			children = (
				19ADE94723E8AF18007C5FA6 /* firebaseBeginnerTests.swift */,
				19ADE94923E8AF18007C5FA6 /* Info.plist */,
			);
			path = firebaseBeginnerTests;
			sourceTree = "<group>";
		};
		19ADE95123E8AF18007C5FA6 /* firebaseBeginnerUITests */ = {
			isa = PBXGroup;
			children = (
				19ADE95223E8AF18007C5FA6 /* firebaseBeginnerUITests.swift */,
				19ADE95423E8AF18007C5FA6 /* Info.plist */,
			);
			path = firebaseBeginnerUITests;
			sourceTree = "<group>";
		};
/* End PBXGroup section */

/* Begin PBXNativeTarget section */
		19ADE92C23E8AF17007C5FA6 /* firebaseBeginner */ = {
			isa = PBXNativeTarget;
			buildConfigurationList = 19ADE95723E8AF18007C5FA6 /* Build configuration list for PBXNativeTarget "firebaseBeginner" */;
			buildPhases = (
				234AD277387CFD4E3C3D7975 /* [CP] Check Pods Manifest.lock */,
				19ADE92923E8AF17007C5FA6 /* Sources */,
				19ADE92A23E8AF17007C5FA6 /* Frameworks */,
				19ADE92B23E8AF17007C5FA6 /* Resources */,
				FE66A9DA5B28346D028FCE2D /* [CP] Embed Pods Frameworks */,
			);
			buildRules = (
			);
			dependencies = (
			);
			name = firebaseBeginner;
			productName = firebaseBeginner;
			productReference = 19ADE92D23E8AF17007C5FA6 /* firebaseBeginner.app */;
			productType = "com.apple.product-type.application";
		};
		19ADE94223E8AF18007C5FA6 /* firebaseBeginnerTests */ = {
			isa = PBXNativeTarget;
			buildConfigurationList = 19ADE95A23E8AF18007C5FA6 /* Build configuration list for PBXNativeTarget "firebaseBeginnerTests" */;
			buildPhases = (
				F5E954FA9DC617E5E3FE7FAD /* [CP] Check Pods Manifest.lock */,
				19ADE93F23E8AF18007C5FA6 /* Sources */,
				19ADE94023E8AF18007C5FA6 /* Frameworks */,
				19ADE94123E8AF18007C5FA6 /* Resources */,
				90CD81387B38E9A0765E87C0 /* [CP] Embed Pods Frameworks */,
			);
			buildRules = (
			);
			dependencies = (
				19ADE94523E8AF18007C5FA6 /* PBXTargetDependency */,
			);
			name = firebaseBeginnerTests;
			productName = firebaseBeginnerTests;
			productReference = 19ADE94323E8AF18007C5FA6 /* firebaseBeginnerTests.xctest */;
			productType = "com.apple.product-type.bundle.unit-test";
		};
		19ADE94D23E8AF18007C5FA6 /* firebaseBeginnerUITests */ = {
			isa = PBXNativeTarget;
			buildConfigurationList = 19ADE95D23E8AF18007C5FA6 /* Build configuration list for PBXNativeTarget "firebaseBeginnerUITests" */;
			buildPhases = (
				AA73EEF478DA7D44FB749BE5 /* [CP] Check Pods Manifest.lock */,
				19ADE94A23E8AF18007C5FA6 /* Sources */,
				19ADE94B23E8AF18007C5FA6 /* Frameworks */,
				19ADE94C23E8AF18007C5FA6 /* Resources */,
				97D1970EB7A00284097B5FD7 /* [CP] Embed Pods Frameworks */,
			);
			buildRules = (
			);
			dependencies = (
				19ADE95023E8AF18007C5FA6 /* PBXTargetDependency */,
			);
			name = firebaseBeginnerUITests;
			productName = firebaseBeginnerUITests;
			productReference = 19ADE94E23E8AF18007C5FA6 /* firebaseBeginnerUITests.xctest */;
			productType = "com.apple.product-type.bundle.ui-testing";
		};
/* End PBXNativeTarget section */

/* Begin PBXProject section */
		19ADE92523E8AF17007C5FA6 /* Project object */ = {
			isa = PBXProject;
			attributes = {
				LastSwiftUpdateCheck = 1130;
				LastUpgradeCheck = 1130;
				ORGANIZATIONNAME = wakuike;
				TargetAttributes = {
					19ADE92C23E8AF17007C5FA6 = {
						CreatedOnToolsVersion = 11.3.1;
					};
					19ADE94223E8AF18007C5FA6 = {
						CreatedOnToolsVersion = 11.3.1;
						TestTargetID = 19ADE92C23E8AF17007C5FA6;
					};
					19ADE94D23E8AF18007C5FA6 = {
						CreatedOnToolsVersion = 11.3.1;
						TestTargetID = 19ADE92C23E8AF17007C5FA6;
					};
				};
			};
			buildConfigurationList = 19ADE92823E8AF17007C5FA6 /* Build configuration list for PBXProject "firebaseBeginner" */;
			compatibilityVersion = "Xcode 9.3";
			developmentRegion = en;
			hasScannedForEncodings = 0;
			knownRegions = (
				en,
				Base,
			);
			mainGroup = 19ADE92423E8AF17007C5FA6;
			productRefGroup = 19ADE92E23E8AF17007C5FA6 /* Products */;
			projectDirPath = "";
			projectRoot = "";
			targets = (
				19ADE92C23E8AF17007C5FA6 /* firebaseBeginner */,
				19ADE94223E8AF18007C5FA6 /* firebaseBeginnerTests */,
				19ADE94D23E8AF18007C5FA6 /* firebaseBeginnerUITests */,
			);
		};
/* End PBXProject section */

/* Begin PBXResourcesBuildPhase section */
		19ADE92B23E8AF17007C5FA6 /* Resources */ = {
			isa = PBXResourcesBuildPhase;
			buildActionMask = 2147483647;
			files = (
				19ADE93D23E8AF18007C5FA6 /* LaunchScreen.storyboard in Resources */,
				19ADE96123E8B016007C5FA6 /* GoogleService-Info.plist in Resources */,
				19ADE93A23E8AF18007C5FA6 /* Assets.xcassets in Resources */,
				19ADE93823E8AF17007C5FA6 /* Main.storyboard in Resources */,
			);
			runOnlyForDeploymentPostprocessing = 0;
		};
		19ADE94123E8AF18007C5FA6 /* Resources */ = {
			isa = PBXResourcesBuildPhase;
			buildActionMask = 2147483647;
			files = (
				19ADE96223E8B016007C5FA6 /* GoogleService-Info.plist in Resources */,
			);
			runOnlyForDeploymentPostprocessing = 0;
		};
		19ADE94C23E8AF18007C5FA6 /* Resources */ = {
			isa = PBXResourcesBuildPhase;
			buildActionMask = 2147483647;
			files = (
				19ADE96323E8B016007C5FA6 /* GoogleService-Info.plist in Resources */,
			);
			runOnlyForDeploymentPostprocessing = 0;
		};
/* End PBXResourcesBuildPhase section */

/* Begin PBXShellScriptBuildPhase section */
		234AD277387CFD4E3C3D7975 /* [CP] Check Pods Manifest.lock */ = {
			isa = PBXShellScriptBuildPhase;
			buildActionMask = 2147483647;
			files = (
			);
			inputFileListPaths = (
			);
			inputPaths = (
				"${PODS_PODFILE_DIR_PATH}/Podfile.lock",
				"${PODS_ROOT}/Manifest.lock",
			);
			name = "[CP] Check Pods Manifest.lock";
			outputFileListPaths = (
			);
			outputPaths = (
				"$(DERIVED_FILE_DIR)/Pods-firebaseBeginner-checkManifestLockResult.txt",
			);
			runOnlyForDeploymentPostprocessing = 0;
			shellPath = /bin/sh;
			shellScript = "diff \"${PODS_PODFILE_DIR_PATH}/Podfile.lock\" \"${PODS_ROOT}/Manifest.lock\" > /dev/null\nif [ $? != 0 ] ; then\n    # print error to STDERR\n    echo \"error: The sandbox is not in sync with the Podfile.lock. Run 'pod install' or update your CocoaPods installation.\" >&2\n    exit 1\nfi\n# This output is used by Xcode 'outputs' to avoid re-running this script phase.\necho \"SUCCESS\" > \"${SCRIPT_OUTPUT_FILE_0}\"\n";
			showEnvVarsInLog = 0;
		};
		90CD81387B38E9A0765E87C0 /* [CP] Embed Pods Frameworks */ = {
			isa = PBXShellScriptBuildPhase;
			buildActionMask = 2147483647;
			files = (
			);
			inputFileListPaths = (
				"${PODS_ROOT}/Target Support Files/Pods-firebaseBeginnerTests/Pods-firebaseBeginnerTests-frameworks-${CONFIGURATION}-input-files.xcfilelist",
			);
			name = "[CP] Embed Pods Frameworks";
			outputFileListPaths = (
				"${PODS_ROOT}/Target Support Files/Pods-firebaseBeginnerTests/Pods-firebaseBeginnerTests-frameworks-${CONFIGURATION}-output-files.xcfilelist",
			);
			runOnlyForDeploymentPostprocessing = 0;
			shellPath = /bin/sh;
			shellScript = "\"${PODS_ROOT}/Target Support Files/Pods-firebaseBeginnerTests/Pods-firebaseBeginnerTests-frameworks.sh\"\n";
			showEnvVarsInLog = 0;
		};
		97D1970EB7A00284097B5FD7 /* [CP] Embed Pods Frameworks */ = {
			isa = PBXShellScriptBuildPhase;
			buildActionMask = 2147483647;
			files = (
			);
			inputFileListPaths = (
				"${PODS_ROOT}/Target Support Files/Pods-firebaseBeginner-firebaseBeginnerUITests/Pods-firebaseBeginner-firebaseBeginnerUITests-frameworks-${CONFIGURATION}-input-files.xcfilelist",
			);
			name = "[CP] Embed Pods Frameworks";
			outputFileListPaths = (
				"${PODS_ROOT}/Target Support Files/Pods-firebaseBeginner-firebaseBeginnerUITests/Pods-firebaseBeginner-firebaseBeginnerUITests-frameworks-${CONFIGURATION}-output-files.xcfilelist",
			);
			runOnlyForDeploymentPostprocessing = 0;
			shellPath = /bin/sh;
			shellScript = "\"${PODS_ROOT}/Target Support Files/Pods-firebaseBeginner-firebaseBeginnerUITests/Pods-firebaseBeginner-firebaseBeginnerUITests-frameworks.sh\"\n";
			showEnvVarsInLog = 0;
		};
		AA73EEF478DA7D44FB749BE5 /* [CP] Check Pods Manifest.lock */ = {
			isa = PBXShellScriptBuildPhase;
			buildActionMask = 2147483647;
			files = (
			);
			inputFileListPaths = (
			);
			inputPaths = (
				"${PODS_PODFILE_DIR_PATH}/Podfile.lock",
				"${PODS_ROOT}/Manifest.lock",
			);
			name = "[CP] Check Pods Manifest.lock";
			outputFileListPaths = (
			);
			outputPaths = (
				"$(DERIVED_FILE_DIR)/Pods-firebaseBeginner-firebaseBeginnerUITests-checkManifestLockResult.txt",
			);
			runOnlyForDeploymentPostprocessing = 0;
			shellPath = /bin/sh;
			shellScript = "diff \"${PODS_PODFILE_DIR_PATH}/Podfile.lock\" \"${PODS_ROOT}/Manifest.lock\" > /dev/null\nif [ $? != 0 ] ; then\n    # print error to STDERR\n    echo \"error: The sandbox is not in sync with the Podfile.lock. Run 'pod install' or update your CocoaPods installation.\" >&2\n    exit 1\nfi\n# This output is used by Xcode 'outputs' to avoid re-running this script phase.\necho \"SUCCESS\" > \"${SCRIPT_OUTPUT_FILE_0}\"\n";
			showEnvVarsInLog = 0;
		};
		F5E954FA9DC617E5E3FE7FAD /* [CP] Check Pods Manifest.lock */ = {
			isa = PBXShellScriptBuildPhase;
			buildActionMask = 2147483647;
			files = (
			);
			inputFileListPaths = (
			);
			inputPaths = (
				"${PODS_PODFILE_DIR_PATH}/Podfile.lock",
				"${PODS_ROOT}/Manifest.lock",
			);
			name = "[CP] Check Pods Manifest.lock";
			outputFileListPaths = (
			);
			outputPaths = (
				"$(DERIVED_FILE_DIR)/Pods-firebaseBeginnerTests-checkManifestLockResult.txt",
			);
			runOnlyForDeploymentPostprocessing = 0;
			shellPath = /bin/sh;
			shellScript = "diff \"${PODS_PODFILE_DIR_PATH}/Podfile.lock\" \"${PODS_ROOT}/Manifest.lock\" > /dev/null\nif [ $? != 0 ] ; then\n    # print error to STDERR\n    echo \"error: The sandbox is not in sync with the Podfile.lock. Run 'pod install' or update your CocoaPods installation.\" >&2\n    exit 1\nfi\n# This output is used by Xcode 'outputs' to avoid re-running this script phase.\necho \"SUCCESS\" > \"${SCRIPT_OUTPUT_FILE_0}\"\n";
			showEnvVarsInLog = 0;
		};
		FE66A9DA5B28346D028FCE2D /* [CP] Embed Pods Frameworks */ = {
			isa = PBXShellScriptBuildPhase;
			buildActionMask = 2147483647;
			files = (
			);
			inputFileListPaths = (
				"${PODS_ROOT}/Target Support Files/Pods-firebaseBeginner/Pods-firebaseBeginner-frameworks-${CONFIGURATION}-input-files.xcfilelist",
			);
			name = "[CP] Embed Pods Frameworks";
			outputFileListPaths = (
				"${PODS_ROOT}/Target Support Files/Pods-firebaseBeginner/Pods-firebaseBeginner-frameworks-${CONFIGURATION}-output-files.xcfilelist",
			);
			runOnlyForDeploymentPostprocessing = 0;
			shellPath = /bin/sh;
			shellScript = "\"${PODS_ROOT}/Target Support Files/Pods-firebaseBeginner/Pods-firebaseBeginner-frameworks.sh\"\n";
			showEnvVarsInLog = 0;
		};
/* End PBXShellScriptBuildPhase section */

/* Begin PBXSourcesBuildPhase section */
		19ADE92923E8AF17007C5FA6 /* Sources */ = {
			isa = PBXSourcesBuildPhase;
			buildActionMask = 2147483647;
			files = (
				19ADE93523E8AF17007C5FA6 /* ViewController.swift in Sources */,
				19ADE93123E8AF17007C5FA6 /* AppDelegate.swift in Sources */,
				19ADE93323E8AF17007C5FA6 /* SceneDelegate.swift in Sources */,
			);
			runOnlyForDeploymentPostprocessing = 0;
		};
		19ADE93F23E8AF18007C5FA6 /* Sources */ = {
			isa = PBXSourcesBuildPhase;
			buildActionMask = 2147483647;
			files = (
				19ADE94823E8AF18007C5FA6 /* firebaseBeginnerTests.swift in Sources */,
			);
			runOnlyForDeploymentPostprocessing = 0;
		};
		19ADE94A23E8AF18007C5FA6 /* Sources */ = {
			isa = PBXSourcesBuildPhase;
			buildActionMask = 2147483647;
			files = (
				19ADE95323E8AF18007C5FA6 /* firebaseBeginnerUITests.swift in Sources */,
			);
			runOnlyForDeploymentPostprocessing = 0;
		};
/* End PBXSourcesBuildPhase section */

/* Begin PBXTargetDependency section */
		19ADE94523E8AF18007C5FA6 /* PBXTargetDependency */ = {
			isa = PBXTargetDependency;
			target = 19ADE92C23E8AF17007C5FA6 /* firebaseBeginner */;
			targetProxy = 19ADE94423E8AF18007C5FA6 /* PBXContainerItemProxy */;
		};
		19ADE95023E8AF18007C5FA6 /* PBXTargetDependency */ = {
			isa = PBXTargetDependency;
			target = 19ADE92C23E8AF17007C5FA6 /* firebaseBeginner */;
			targetProxy = 19ADE94F23E8AF18007C5FA6 /* PBXContainerItemProxy */;
		};
/* End PBXTargetDependency section */

/* Begin PBXVariantGroup section */
		19ADE93623E8AF17007C5FA6 /* Main.storyboard */ = {
			isa = PBXVariantGroup;
			children = (
				19ADE93723E8AF17007C5FA6 /* Base */,
			);
			name = Main.storyboard;
			sourceTree = "<group>";
		};
		19ADE93B23E8AF18007C5FA6 /* LaunchScreen.storyboard */ = {
			isa = PBXVariantGroup;
			children = (
				19ADE93C23E8AF18007C5FA6 /* Base */,
			);
			name = LaunchScreen.storyboard;
			sourceTree = "<group>";
		};
/* End PBXVariantGroup section */

/* Begin XCBuildConfiguration section */
		19ADE95523E8AF18007C5FA6 /* Debug */ = {
			isa = XCBuildConfiguration;
			buildSettings = {
				ALWAYS_SEARCH_USER_PATHS = NO;
				CLANG_ANALYZER_NONNULL = YES;
				CLANG_ANALYZER_NUMBER_OBJECT_CONVERSION = YES_AGGRESSIVE;
				CLANG_CXX_LANGUAGE_STANDARD = "gnu++14";
				CLANG_CXX_LIBRARY = "libc++";
				CLANG_ENABLE_MODULES = YES;
				CLANG_ENABLE_OBJC_ARC = YES;
				CLANG_ENABLE_OBJC_WEAK = YES;
				CLANG_WARN_BLOCK_CAPTURE_AUTORELEASING = YES;
				CLANG_WARN_BOOL_CONVERSION = YES;
				CLANG_WARN_COMMA = YES;
				CLANG_WARN_CONSTANT_CONVERSION = YES;
				CLANG_WARN_DEPRECATED_OBJC_IMPLEMENTATIONS = YES;
				CLANG_WARN_DIRECT_OBJC_ISA_USAGE = YES_ERROR;
				CLANG_WARN_DOCUMENTATION_COMMENTS = YES;
				CLANG_WARN_EMPTY_BODY = YES;
				CLANG_WARN_ENUM_CONVERSION = YES;
				CLANG_WARN_INFINITE_RECURSION = YES;
				CLANG_WARN_INT_CONVERSION = YES;
				CLANG_WARN_NON_LITERAL_NULL_CONVERSION = YES;
				CLANG_WARN_OBJC_IMPLICIT_RETAIN_SELF = YES;
				CLANG_WARN_OBJC_LITERAL_CONVERSION = YES;
				CLANG_WARN_OBJC_ROOT_CLASS = YES_ERROR;
				CLANG_WARN_RANGE_LOOP_ANALYSIS = YES;
				CLANG_WARN_STRICT_PROTOTYPES = YES;
				CLANG_WARN_SUSPICIOUS_MOVE = YES;
				CLANG_WARN_UNGUARDED_AVAILABILITY = YES_AGGRESSIVE;
				CLANG_WARN_UNREACHABLE_CODE = YES;
				CLANG_WARN__DUPLICATE_METHOD_MATCH = YES;
				COPY_PHASE_STRIP = NO;
				DEBUG_INFORMATION_FORMAT = dwarf;
				ENABLE_STRICT_OBJC_MSGSEND = YES;
				ENABLE_TESTABILITY = YES;
				GCC_C_LANGUAGE_STANDARD = gnu11;
				GCC_DYNAMIC_NO_PIC = NO;
				GCC_NO_COMMON_BLOCKS = YES;
				GCC_OPTIMIZATION_LEVEL = 0;
				GCC_PREPROCESSOR_DEFINITIONS = (
					"DEBUG=1",
					"$(inherited)",
				);
				GCC_WARN_64_TO_32_BIT_CONVERSION = YES;
				GCC_WARN_ABOUT_RETURN_TYPE = YES_ERROR;
				GCC_WARN_UNDECLARED_SELECTOR = YES;
				GCC_WARN_UNINITIALIZED_AUTOS = YES_AGGRESSIVE;
				GCC_WARN_UNUSED_FUNCTION = YES;
				GCC_WARN_UNUSED_VARIABLE = YES;
				IPHONEOS_DEPLOYMENT_TARGET = 13.2;
				MTL_ENABLE_DEBUG_INFO = INCLUDE_SOURCE;
				MTL_FAST_MATH = YES;
				ONLY_ACTIVE_ARCH = YES;
				SDKROOT = iphoneos;
				SWIFT_ACTIVE_COMPILATION_CONDITIONS = DEBUG;
				SWIFT_OPTIMIZATION_LEVEL = "-Onone";
			};
			name = Debug;
		};
		19ADE95623E8AF18007C5FA6 /* Release */ = {
			isa = XCBuildConfiguration;
			buildSettings = {
				ALWAYS_SEARCH_USER_PATHS = NO;
				CLANG_ANALYZER_NONNULL = YES;
				CLANG_ANALYZER_NUMBER_OBJECT_CONVERSION = YES_AGGRESSIVE;
				CLANG_CXX_LANGUAGE_STANDARD = "gnu++14";
				CLANG_CXX_LIBRARY = "libc++";
				CLANG_ENABLE_MODULES = YES;
				CLANG_ENABLE_OBJC_ARC = YES;
				CLANG_ENABLE_OBJC_WEAK = YES;
				CLANG_WARN_BLOCK_CAPTURE_AUTORELEASING = YES;
				CLANG_WARN_BOOL_CONVERSION = YES;
				CLANG_WARN_COMMA = YES;
				CLANG_WARN_CONSTANT_CONVERSION = YES;
				CLANG_WARN_DEPRECATED_OBJC_IMPLEMENTATIONS = YES;
				CLANG_WARN_DIRECT_OBJC_ISA_USAGE = YES_ERROR;
				CLANG_WARN_DOCUMENTATION_COMMENTS = YES;
				CLANG_WARN_EMPTY_BODY = YES;
				CLANG_WARN_ENUM_CONVERSION = YES;
				CLANG_WARN_INFINITE_RECURSION = YES;
				CLANG_WARN_INT_CONVERSION = YES;
				CLANG_WARN_NON_LITERAL_NULL_CONVERSION = YES;
				CLANG_WARN_OBJC_IMPLICIT_RETAIN_SELF = YES;
				CLANG_WARN_OBJC_LITERAL_CONVERSION = YES;
				CLANG_WARN_OBJC_ROOT_CLASS = YES_ERROR;
				CLANG_WARN_RANGE_LOOP_ANALYSIS = YES;
				CLANG_WARN_STRICT_PROTOTYPES = YES;
				CLANG_WARN_SUSPICIOUS_MOVE = YES;
				CLANG_WARN_UNGUARDED_AVAILABILITY = YES_AGGRESSIVE;
				CLANG_WARN_UNREACHABLE_CODE = YES;
				CLANG_WARN__DUPLICATE_METHOD_MATCH = YES;
				COPY_PHASE_STRIP = NO;
				DEBUG_INFORMATION_FORMAT = "dwarf-with-dsym";
				ENABLE_NS_ASSERTIONS = NO;
				ENABLE_STRICT_OBJC_MSGSEND = YES;
				GCC_C_LANGUAGE_STANDARD = gnu11;
				GCC_NO_COMMON_BLOCKS = YES;
				GCC_WARN_64_TO_32_BIT_CONVERSION = YES;
				GCC_WARN_ABOUT_RETURN_TYPE = YES_ERROR;
				GCC_WARN_UNDECLARED_SELECTOR = YES;
				GCC_WARN_UNINITIALIZED_AUTOS = YES_AGGRESSIVE;
				GCC_WARN_UNUSED_FUNCTION = YES;
				GCC_WARN_UNUSED_VARIABLE = YES;
				IPHONEOS_DEPLOYMENT_TARGET = 13.2;
				MTL_ENABLE_DEBUG_INFO = NO;
				MTL_FAST_MATH = YES;
				SDKROOT = iphoneos;
				SWIFT_COMPILATION_MODE = wholemodule;
				SWIFT_OPTIMIZATION_LEVEL = "-O";
				VALIDATE_PRODUCT = YES;
			};
			name = Release;
		};
		19ADE95823E8AF18007C5FA6 /* Debug */ = {
			isa = XCBuildConfiguration;
			baseConfigurationReference = EF804E8F955D3BD857DAD794 /* Pods-firebaseBeginner.debug.xcconfig */;
			buildSettings = {
				ASSETCATALOG_COMPILER_APPICON_NAME = AppIcon;
				CODE_SIGN_STYLE = Automatic;
				DEVELOPMENT_TEAM = TAJ24S7FZM;
				INFOPLIST_FILE = firebaseBeginner/Info.plist;
				LD_RUNPATH_SEARCH_PATHS = (
					"$(inherited)",
					"@executable_path/Frameworks",
				);
				PRODUCT_BUNDLE_IDENTIFIER = com.wakuike.firebaseBeginner;
				PRODUCT_NAME = "$(TARGET_NAME)";
				SWIFT_VERSION = 5.0;
				TARGETED_DEVICE_FAMILY = "1,2";
			};
			name = Debug;
		};
		19ADE95923E8AF18007C5FA6 /* Release */ = {
			isa = XCBuildConfiguration;
			baseConfigurationReference = 5EA599379781D1149D2A2F82 /* Pods-firebaseBeginner.release.xcconfig */;
			buildSettings = {
				ASSETCATALOG_COMPILER_APPICON_NAME = AppIcon;
				CODE_SIGN_STYLE = Automatic;
				DEVELOPMENT_TEAM = TAJ24S7FZM;
				INFOPLIST_FILE = firebaseBeginner/Info.plist;
				LD_RUNPATH_SEARCH_PATHS = (
					"$(inherited)",
					"@executable_path/Frameworks",
				);
				PRODUCT_BUNDLE_IDENTIFIER = com.wakuike.firebaseBeginner;
				PRODUCT_NAME = "$(TARGET_NAME)";
				SWIFT_VERSION = 5.0;
				TARGETED_DEVICE_FAMILY = "1,2";
			};
			name = Release;
		};
		19ADE95B23E8AF18007C5FA6 /* Debug */ = {
			isa = XCBuildConfiguration;
			baseConfigurationReference = 73B890828D4E4D5858F34196 /* Pods-firebaseBeginnerTests.debug.xcconfig */;
			buildSettings = {
				ALWAYS_EMBED_SWIFT_STANDARD_LIBRARIES = YES;
				BUNDLE_LOADER = "$(TEST_HOST)";
				CODE_SIGN_STYLE = Automatic;
				DEVELOPMENT_TEAM = TAJ24S7FZM;
				INFOPLIST_FILE = firebaseBeginnerTests/Info.plist;
				IPHONEOS_DEPLOYMENT_TARGET = 13.2;
				LD_RUNPATH_SEARCH_PATHS = (
					"$(inherited)",
					"@executable_path/Frameworks",
					"@loader_path/Frameworks",
				);
				PRODUCT_BUNDLE_IDENTIFIER = com.wakuike.firebaseBeginnerTests;
				PRODUCT_NAME = "$(TARGET_NAME)";
				SWIFT_VERSION = 5.0;
				TARGETED_DEVICE_FAMILY = "1,2";
				TEST_HOST = "$(BUILT_PRODUCTS_DIR)/firebaseBeginner.app/firebaseBeginner";
			};
			name = Debug;
		};
		19ADE95C23E8AF18007C5FA6 /* Release */ = {
			isa = XCBuildConfiguration;
			baseConfigurationReference = 0D04CB6B1546FC5964D35257 /* Pods-firebaseBeginnerTests.release.xcconfig */;
			buildSettings = {
				ALWAYS_EMBED_SWIFT_STANDARD_LIBRARIES = YES;
				BUNDLE_LOADER = "$(TEST_HOST)";
				CODE_SIGN_STYLE = Automatic;
				DEVELOPMENT_TEAM = TAJ24S7FZM;
				INFOPLIST_FILE = firebaseBeginnerTests/Info.plist;
				IPHONEOS_DEPLOYMENT_TARGET = 13.2;
				LD_RUNPATH_SEARCH_PATHS = (
					"$(inherited)",
					"@executable_path/Frameworks",
					"@loader_path/Frameworks",
				);
				PRODUCT_BUNDLE_IDENTIFIER = com.wakuike.firebaseBeginnerTests;
				PRODUCT_NAME = "$(TARGET_NAME)";
				SWIFT_VERSION = 5.0;
				TARGETED_DEVICE_FAMILY = "1,2";
				TEST_HOST = "$(BUILT_PRODUCTS_DIR)/firebaseBeginner.app/firebaseBeginner";
			};
			name = Release;
		};
		19ADE95E23E8AF18007C5FA6 /* Debug */ = {
			isa = XCBuildConfiguration;
			baseConfigurationReference = E174461C5EB556E6C7C898FB /* Pods-firebaseBeginner-firebaseBeginnerUITests.debug.xcconfig */;
			buildSettings = {
				ALWAYS_EMBED_SWIFT_STANDARD_LIBRARIES = YES;
				CODE_SIGN_STYLE = Automatic;
				DEVELOPMENT_TEAM = TAJ24S7FZM;
				INFOPLIST_FILE = firebaseBeginnerUITests/Info.plist;
				LD_RUNPATH_SEARCH_PATHS = (
					"$(inherited)",
					"@executable_path/Frameworks",
					"@loader_path/Frameworks",
				);
				PRODUCT_BUNDLE_IDENTIFIER = com.wakuike.firebaseBeginnerUITests;
				PRODUCT_NAME = "$(TARGET_NAME)";
				SWIFT_VERSION = 5.0;
				TARGETED_DEVICE_FAMILY = "1,2";
				TEST_TARGET_NAME = firebaseBeginner;
			};
			name = Debug;
		};
		19ADE95F23E8AF18007C5FA6 /* Release */ = {
			isa = XCBuildConfiguration;
			baseConfigurationReference = 23F26BB3A3F2238CF1698E92 /* Pods-firebaseBeginner-firebaseBeginnerUITests.release.xcconfig */;
			buildSettings = {
				ALWAYS_EMBED_SWIFT_STANDARD_LIBRARIES = YES;
				CODE_SIGN_STYLE = Automatic;
				DEVELOPMENT_TEAM = TAJ24S7FZM;
				INFOPLIST_FILE = firebaseBeginnerUITests/Info.plist;
				LD_RUNPATH_SEARCH_PATHS = (
					"$(inherited)",
					"@executable_path/Frameworks",
					"@loader_path/Frameworks",
				);
				PRODUCT_BUNDLE_IDENTIFIER = com.wakuike.firebaseBeginnerUITests;
				PRODUCT_NAME = "$(TARGET_NAME)";
				SWIFT_VERSION = 5.0;
				TARGETED_DEVICE_FAMILY = "1,2";
				TEST_TARGET_NAME = firebaseBeginner;
			};
			name = Release;
		};
/* End XCBuildConfiguration section */

/* Begin XCConfigurationList section */
		19ADE92823E8AF17007C5FA6 /* Build configuration list for PBXProject "firebaseBeginner" */ = {
			isa = XCConfigurationList;
			buildConfigurations = (
				19ADE95523E8AF18007C5FA6 /* Debug */,
				19ADE95623E8AF18007C5FA6 /* Release */,
			);
			defaultConfigurationIsVisible = 0;
			defaultConfigurationName = Release;
		};
		19ADE95723E8AF18007C5FA6 /* Build configuration list for PBXNativeTarget "firebaseBeginner" */ = {
			isa = XCConfigurationList;
			buildConfigurations = (
				19ADE95823E8AF18007C5FA6 /* Debug */,
				19ADE95923E8AF18007C5FA6 /* Release */,
			);
			defaultConfigurationIsVisible = 0;
			defaultConfigurationName = Release;
		};
		19ADE95A23E8AF18007C5FA6 /* Build configuration list for PBXNativeTarget "firebaseBeginnerTests" */ = {
			isa = XCConfigurationList;
			buildConfigurations = (
				19ADE95B23E8AF18007C5FA6 /* Debug */,
				19ADE95C23E8AF18007C5FA6 /* Release */,
			);
			defaultConfigurationIsVisible = 0;
			defaultConfigurationName = Release;
		};
		19ADE95D23E8AF18007C5FA6 /* Build configuration list for PBXNativeTarget "firebaseBeginnerUITests" */ = {
			isa = XCConfigurationList;
			buildConfigurations = (
				19ADE95E23E8AF18007C5FA6 /* Debug */,
				19ADE95F23E8AF18007C5FA6 /* Release */,
			);
			defaultConfigurationIsVisible = 0;
			defaultConfigurationName = Release;
		};
/* End XCConfigurationList section */
	};
	rootObject = 19ADE92523E8AF17007C5FA6 /* Project object */;
}
